
Microsoft Visual Studio Solution File, Format Version 12.00
# Visual Studio Version 16
VisualStudioVersion = 16.0.31702.278
MinimumVisualStudioVersion = 10.0.40219.1
Project("{FAE04EC0-301F-11D3-BF4B-00C04F79EFBC}") = "ServicioRESTASPNET", "ServicioRESTASPNET\ServicioRESTASPNET.csproj", "{91D3F0A8-74F2-4EE2-AEB8-8CC897258F39}"
EndProject
Project("{FAE04EC0-301F-11D3-BF4B-00C04F79EFBC}") = "Entidades", "Entidades\Entidades.csproj", "{7AE9430D-9BB9-4D4B-A7E2-A7901AD0162F}"
EndProject
Project("{FAE04EC0-301F-11D3-BF4B-00C04F79EFBC}") = "Dal", "Dal\Dal.csproj", "{8A705768-A320-4CD3-AACD-E1FB275C79FB}"
EndProject
Global
	GlobalSection(SolutionConfigurationPlatforms) = preSolution
		Debug|Any CPU = Debug|Any CPU
		Release|Any CPU = Release|Any CPU
	EndGlobalSection
	GlobalSection(ProjectConfigurationPlatforms) = postSolution
		{91D3F0A8-74F2-4EE2-AEB8-8CC897258F39}.Debug|Any CPU.ActiveCfg = Debug|Any CPU
		{91D3F0A8-74F2-4EE2-AEB8-8CC897258F39}.Debug|Any CPU.Build.0 = Debug|Any CPU
		{91D3F0A8-74F2-4EE2-AEB8-8CC897258F39}.Release|Any CPU.ActiveCfg = Release|Any CPU
		{91D3F0A8-74F2-4EE2-AEB8-8CC897258F39}.Release|Any CPU.Build.0 = Release|Any CPU
		{7AE9430D-9BB9-4D4B-A7E2-A7901AD0162F}.Debug|Any CPU.ActiveCfg = Debug|Any CPU
		{7AE9430D-9BB9-4D4B-A7E2-A7901AD0162F}.Debug|Any CPU.Build.0 = Debug|Any CPU
		{7AE9430D-9BB9-4D4B-A7E2-A7901AD0162F}.Release|Any CPU.ActiveCfg = Release|Any CPU
		{7AE9430D-9BB9-4D4B-A7E2-A7901AD0162F}.Release|Any CPU.Build.0 = Release|Any CPU
		{8A705768-A320-4CD3-AACD-E1FB275C79FB}.Debug|Any CPU.ActiveCfg = Debug|Any CPU
		{8A705768-A320-4CD3-AACD-E1FB275C79FB}.Debug|Any CPU.Build.0 = Debug|Any CPU
		{8A705768-A320-4CD3-AACD-E1FB275C79FB}.Release|Any CPU.ActiveCfg = Release|Any CPU
		{8A705768-A320-4CD3-AACD-E1FB275C79FB}.Release|Any CPU.Build.0 = Release|Any CPU
	EndGlobalSection
	GlobalSection(SolutionProperties) = preSolution
		HideSolutionNode = FALSE
	EndGlobalSection
	GlobalSection(ExtensibilityGlobals) = postSolution
		SolutionGuid = {D0714291-1484-40F3-9B77-4B81A82D1171}
	EndGlobalSection
EndGlobal
